dependencies:
- name: common
  repository: https://charts.bitnami.com/bitnami
  version: 1.11.1
- name: postgresql
  repository: https://charts.bitnami.com/bitnami
  version: 6.5.9
- name: redis
  repository: https://charts.bitnami.com/bitnami
  version: 12.10.1
- name: redis
  repository: https://charts.bitnami.com/bitnami
  version: 12.10.1
- name: meilisearch
  repository: https://meilisearch.github.io/meilisearch-kubernetes
  version: 0.1.26
digest: sha256:3a7afbc1d5e3b6dc4bae7b8fe23471b4605d14c1d630cb17d340eed72570be0a
generated: "2022-02-21T17:10:34.931896+08:00"
